
Microsoft Visual Studio Solution File, Format Version 12.00
# Visual Studio Version 16
VisualStudioVersion = 16.0.30011.22
MinimumVisualStudioVersion = 10.0.40219.1
Project("{9A19103F-16F7-4668-BE54-9A1E7A4F7556}") = "OG.BLAZOR.DATA", "OG.BLAZOR.DATA\OG.BLAZOR.DATA.csproj", "{5CE468FD-97C6-4D96-9915-12C6538B6D30}"
EndProject
Project("{9A19103F-16F7-4668-BE54-9A1E7A4F7556}") = "OG.BLAZOR.ENTITIES", "OG.BLAZOR.ENTITIES\OG.BLAZOR.ENTITIES.csproj", "{50D2199A-C947-4938-8AD3-53CB271FD800}"
EndProject
Project("{9A19103F-16F7-4668-BE54-9A1E7A4F7556}") = "OG.BLAZOR.BUSINESS", "OG.BLAZOR.BUSINESS\OG.BLAZOR.BUSINESS.csproj", "{0524C30A-1EB4-480C-AAE1-DE18830A4CA8}"
EndProject
Project("{FAE04EC0-301F-11D3-BF4B-00C04F79EFBC}") = "OG.BLAZOR.API", "OG.BLAZOR.API\OG.BLAZOR.API.csproj", "{94CC8003-56C7-40C5-8190-0F477417CC0A}"
EndProject
Project("{9A19103F-16F7-4668-BE54-9A1E7A4F7556}") = "OG.BLAZOR.UI", "OG.BLAZOR.UI\OG.BLAZOR.UI.csproj", "{E1ABD70B-6CD2-4EB8-82FD-B2147319085F}"
EndProject
Global
	GlobalSection(SolutionConfigurationPlatforms) = preSolution
		Debug|Any CPU = Debug|Any CPU
		Release|Any CPU = Release|Any CPU
	EndGlobalSection
	GlobalSection(ProjectConfigurationPlatforms) = postSolution
		{5CE468FD-97C6-4D96-9915-12C6538B6D30}.Debug|Any CPU.ActiveCfg = Debug|Any CPU
		{5CE468FD-97C6-4D96-9915-12C6538B6D30}.Debug|Any CPU.Build.0 = Debug|Any CPU
		{5CE468FD-97C6-4D96-9915-12C6538B6D30}.Release|Any CPU.ActiveCfg = Release|Any CPU
		{5CE468FD-97C6-4D96-9915-12C6538B6D30}.Release|Any CPU.Build.0 = Release|Any CPU
		{50D2199A-C947-4938-8AD3-53CB271FD800}.Debug|Any CPU.ActiveCfg = Debug|Any CPU
		{50D2199A-C947-4938-8AD3-53CB271FD800}.Debug|Any CPU.Build.0 = Debug|Any CPU
		{50D2199A-C947-4938-8AD3-53CB271FD800}.Release|Any CPU.ActiveCfg = Release|Any CPU
		{50D2199A-C947-4938-8AD3-53CB271FD800}.Release|Any CPU.Build.0 = Release|Any CPU
		{0524C30A-1EB4-480C-AAE1-DE18830A4CA8}.Debug|Any CPU.ActiveCfg = Debug|Any CPU
		{0524C30A-1EB4-480C-AAE1-DE18830A4CA8}.Debug|Any CPU.Build.0 = Debug|Any CPU
		{0524C30A-1EB4-480C-AAE1-DE18830A4CA8}.Release|Any CPU.ActiveCfg = Release|Any CPU
		{0524C30A-1EB4-480C-AAE1-DE18830A4CA8}.Release|Any CPU.Build.0 = Release|Any CPU
		{94CC8003-56C7-40C5-8190-0F477417CC0A}.Debug|Any CPU.ActiveCfg = Debug|Any CPU
		{94CC8003-56C7-40C5-8190-0F477417CC0A}.Debug|Any CPU.Build.0 = Debug|Any CPU
		{94CC8003-56C7-40C5-8190-0F477417CC0A}.Release|Any CPU.ActiveCfg = Release|Any CPU
		{94CC8003-56C7-40C5-8190-0F477417CC0A}.Release|Any CPU.Build.0 = Release|Any CPU
		{E1ABD70B-6CD2-4EB8-82FD-B2147319085F}.Debug|Any CPU.ActiveCfg = Debug|Any CPU
		{E1ABD70B-6CD2-4EB8-82FD-B2147319085F}.Debug|Any CPU.Build.0 = Debug|Any CPU
		{E1ABD70B-6CD2-4EB8-82FD-B2147319085F}.Release|Any CPU.ActiveCfg = Release|Any CPU
		{E1ABD70B-6CD2-4EB8-82FD-B2147319085F}.Release|Any CPU.Build.0 = Release|Any CPU
	EndGlobalSection
	GlobalSection(SolutionProperties) = preSolution
		HideSolutionNode = FALSE
	EndGlobalSection
	GlobalSection(ExtensibilityGlobals) = postSolution
		SolutionGuid = {D7DC2F13-5126-4755-A8FA-485A449C19F5}
	EndGlobalSection
EndGlobal
